
Microsoft Visual Studio Solution File, Format Version 12.00
Project("{F2A71F9B-5D33-465A-A702-920D77279786}") = "Lazy", "Lazy\Lazy.fsproj", "{798291C3-7CE9-46A4-B71B-B036F93D6D3D}"
EndProject
Project("{F2A71F9B-5D33-465A-A702-920D77279786}") = "LazyTest", "LazyTest\LazyTest.fsproj", "{53B284ED-244C-4E66-B97C-4B0C317D0919}"
EndProject
Global
	GlobalSection(SolutionConfigurationPlatforms) = preSolution
		Debug|Any CPU = Debug|Any CPU
		Release|Any CPU = Release|Any CPU
	EndGlobalSection
	GlobalSection(ProjectConfigurationPlatforms) = postSolution
		{798291C3-7CE9-46A4-B71B-B036F93D6D3D}.Debug|Any CPU.ActiveCfg = Debug|Any CPU
		{798291C3-7CE9-46A4-B71B-B036F93D6D3D}.Debug|Any CPU.Build.0 = Debug|Any CPU
		{798291C3-7CE9-46A4-B71B-B036F93D6D3D}.Release|Any CPU.ActiveCfg = Release|Any CPU
		{798291C3-7CE9-46A4-B71B-B036F93D6D3D}.Release|Any CPU.Build.0 = Release|Any CPU
		{53B284ED-244C-4E66-B97C-4B0C317D0919}.Debug|Any CPU.ActiveCfg = Debug|Any CPU
		{53B284ED-244C-4E66-B97C-4B0C317D0919}.Debug|Any CPU.Build.0 = Debug|Any CPU
		{53B284ED-244C-4E66-B97C-4B0C317D0919}.Release|Any CPU.ActiveCfg = Release|Any CPU
		{53B284ED-244C-4E66-B97C-4B0C317D0919}.Release|Any CPU.Build.0 = Release|Any CPU
	EndGlobalSection
EndGlobal
