
Microsoft Visual Studio Solution File, Format Version 12.00
Project("{F2A71F9B-5D33-465A-A702-920D77279786}") = "MapForTree", "MapForTree\MapForTree.fsproj", "{DD3BEB61-1F26-4CD2-B0C1-5E5717486DD8}"
EndProject
Project("{F2A71F9B-5D33-465A-A702-920D77279786}") = "MapForTree.Test", "MapForTree.Test\MapForTree.Test.fsproj", "{B977FA3E-090F-4BBD-9148-B89BADD5CD41}"
EndProject
Global
	GlobalSection(SolutionConfigurationPlatforms) = preSolution
		Debug|Any CPU = Debug|Any CPU
		Release|Any CPU = Release|Any CPU
	EndGlobalSection
	GlobalSection(ProjectConfigurationPlatforms) = postSolution
		{DD3BEB61-1F26-4CD2-B0C1-5E5717486DD8}.Debug|Any CPU.ActiveCfg = Debug|Any CPU
		{DD3BEB61-1F26-4CD2-B0C1-5E5717486DD8}.Debug|Any CPU.Build.0 = Debug|Any CPU
		{DD3BEB61-1F26-4CD2-B0C1-5E5717486DD8}.Release|Any CPU.ActiveCfg = Release|Any CPU
		{DD3BEB61-1F26-4CD2-B0C1-5E5717486DD8}.Release|Any CPU.Build.0 = Release|Any CPU
		{B977FA3E-090F-4BBD-9148-B89BADD5CD41}.Debug|Any CPU.ActiveCfg = Debug|Any CPU
		{B977FA3E-090F-4BBD-9148-B89BADD5CD41}.Debug|Any CPU.Build.0 = Debug|Any CPU
		{B977FA3E-090F-4BBD-9148-B89BADD5CD41}.Release|Any CPU.ActiveCfg = Release|Any CPU
		{B977FA3E-090F-4BBD-9148-B89BADD5CD41}.Release|Any CPU.Build.0 = Release|Any CPU
	EndGlobalSection
EndGlobal
