
Microsoft Visual Studio Solution File, Format Version 12.00
Project("{F2A71F9B-5D33-465A-A702-920D77279786}") = "PhoneBook", "PhoneBook\PhoneBook.fsproj", "{0165DC80-50E8-467F-AC34-CAEE13ECE3BE}"
EndProject
Project("{F2A71F9B-5D33-465A-A702-920D77279786}") = "PhoneBookTest", "PhoneBookTest\PhoneBookTest.fsproj", "{FB632D75-7C76-44FF-B38E-4E9C099EEFA4}"
EndProject
Global
	GlobalSection(SolutionConfigurationPlatforms) = preSolution
		Debug|Any CPU = Debug|Any CPU
		Release|Any CPU = Release|Any CPU
	EndGlobalSection
	GlobalSection(ProjectConfigurationPlatforms) = postSolution
		{0165DC80-50E8-467F-AC34-CAEE13ECE3BE}.Debug|Any CPU.ActiveCfg = Debug|Any CPU
		{0165DC80-50E8-467F-AC34-CAEE13ECE3BE}.Debug|Any CPU.Build.0 = Debug|Any CPU
		{0165DC80-50E8-467F-AC34-CAEE13ECE3BE}.Release|Any CPU.ActiveCfg = Release|Any CPU
		{0165DC80-50E8-467F-AC34-CAEE13ECE3BE}.Release|Any CPU.Build.0 = Release|Any CPU
		{FB632D75-7C76-44FF-B38E-4E9C099EEFA4}.Debug|Any CPU.ActiveCfg = Debug|Any CPU
		{FB632D75-7C76-44FF-B38E-4E9C099EEFA4}.Debug|Any CPU.Build.0 = Debug|Any CPU
		{FB632D75-7C76-44FF-B38E-4E9C099EEFA4}.Release|Any CPU.ActiveCfg = Release|Any CPU
		{FB632D75-7C76-44FF-B38E-4E9C099EEFA4}.Release|Any CPU.Build.0 = Release|Any CPU
	EndGlobalSection
EndGlobal
