
Microsoft Visual Studio Solution File, Format Version 12.00
Project("{F2A71F9B-5D33-465A-A702-920D77279786}") = "PrimeNumbers", "PrimeNumbers\PrimeNumbers.fsproj", "{987EE794-F7C5-4160-898F-844EEC89B8D8}"
EndProject
Project("{F2A71F9B-5D33-465A-A702-920D77279786}") = "PrimeNumbers.Test", "PrimeNumbers.Test\PrimeNumbers.Test.fsproj", "{FAA0F96C-A610-4383-8ECA-919A14EB76CB}"
EndProject
Global
	GlobalSection(SolutionConfigurationPlatforms) = preSolution
		Debug|Any CPU = Debug|Any CPU
		Release|Any CPU = Release|Any CPU
	EndGlobalSection
	GlobalSection(ProjectConfigurationPlatforms) = postSolution
		{987EE794-F7C5-4160-898F-844EEC89B8D8}.Debug|Any CPU.ActiveCfg = Debug|Any CPU
		{987EE794-F7C5-4160-898F-844EEC89B8D8}.Debug|Any CPU.Build.0 = Debug|Any CPU
		{987EE794-F7C5-4160-898F-844EEC89B8D8}.Release|Any CPU.ActiveCfg = Release|Any CPU
		{987EE794-F7C5-4160-898F-844EEC89B8D8}.Release|Any CPU.Build.0 = Release|Any CPU
		{FAA0F96C-A610-4383-8ECA-919A14EB76CB}.Debug|Any CPU.ActiveCfg = Debug|Any CPU
		{FAA0F96C-A610-4383-8ECA-919A14EB76CB}.Debug|Any CPU.Build.0 = Debug|Any CPU
		{FAA0F96C-A610-4383-8ECA-919A14EB76CB}.Release|Any CPU.ActiveCfg = Release|Any CPU
		{FAA0F96C-A610-4383-8ECA-919A14EB76CB}.Release|Any CPU.Build.0 = Release|Any CPU
	EndGlobalSection
EndGlobal
