
Microsoft Visual Studio Solution File, Format Version 12.00
Project("{F2A71F9B-5D33-465A-A702-920D77279786}") = "Factorial", "Factorial\Factorial.fsproj", "{0A27713D-9BB0-4346-ABE6-1442E83E7B13}"
EndProject
Global
	GlobalSection(SolutionConfigurationPlatforms) = preSolution
		Debug|Any CPU = Debug|Any CPU
		Release|Any CPU = Release|Any CPU
	EndGlobalSection
	GlobalSection(ProjectConfigurationPlatforms) = postSolution
		{0A27713D-9BB0-4346-ABE6-1442E83E7B13}.Debug|Any CPU.ActiveCfg = Debug|Any CPU
		{0A27713D-9BB0-4346-ABE6-1442E83E7B13}.Debug|Any CPU.Build.0 = Debug|Any CPU
		{0A27713D-9BB0-4346-ABE6-1442E83E7B13}.Release|Any CPU.ActiveCfg = Release|Any CPU
		{0A27713D-9BB0-4346-ABE6-1442E83E7B13}.Release|Any CPU.Build.0 = Release|Any CPU
	EndGlobalSection
EndGlobal
