
Microsoft Visual Studio Solution File, Format Version 12.00
Project("{F2A71F9B-5D33-465A-A702-920D77279786}") = "Workflow", "Workflow\Workflow.fsproj", "{04EED844-6838-46D3-B588-1C7A5FB82536}"
EndProject
Project("{F2A71F9B-5D33-465A-A702-920D77279786}") = "WorkflowTest", "WorkflowTest\WorkflowTest.fsproj", "{03747A1E-9C03-4FC9-B69A-89C74E1F230E}"
EndProject
Global
	GlobalSection(SolutionConfigurationPlatforms) = preSolution
		Debug|Any CPU = Debug|Any CPU
		Release|Any CPU = Release|Any CPU
	EndGlobalSection
	GlobalSection(ProjectConfigurationPlatforms) = postSolution
		{04EED844-6838-46D3-B588-1C7A5FB82536}.Debug|Any CPU.ActiveCfg = Debug|Any CPU
		{04EED844-6838-46D3-B588-1C7A5FB82536}.Debug|Any CPU.Build.0 = Debug|Any CPU
		{04EED844-6838-46D3-B588-1C7A5FB82536}.Release|Any CPU.ActiveCfg = Release|Any CPU
		{04EED844-6838-46D3-B588-1C7A5FB82536}.Release|Any CPU.Build.0 = Release|Any CPU
		{03747A1E-9C03-4FC9-B69A-89C74E1F230E}.Debug|Any CPU.ActiveCfg = Debug|Any CPU
		{03747A1E-9C03-4FC9-B69A-89C74E1F230E}.Debug|Any CPU.Build.0 = Debug|Any CPU
		{03747A1E-9C03-4FC9-B69A-89C74E1F230E}.Release|Any CPU.ActiveCfg = Release|Any CPU
		{03747A1E-9C03-4FC9-B69A-89C74E1F230E}.Release|Any CPU.Build.0 = Release|Any CPU
	EndGlobalSection
EndGlobal
